
Microsoft Visual Studio Solution File, Format Version 12.00
# Visual Studio Version 17
VisualStudioVersion = 17.5.33502.453
MinimumVisualStudioVersion = 10.0.40219.1
Project("{FAE04EC0-301F-11D3-BF4B-00C04F79EFBC}") = "SecondPro", "SecondPro\SecondPro.csproj", "{6AAF2CCB-E2FD-4D93-A44E-4CF2786B11FC}"
EndProject
Project("{FAE04EC0-301F-11D3-BF4B-00C04F79EFBC}") = "lecture5", "lecture5\lecture5.csproj", "{0F9B0CC9-B5F7-4218-8BFE-E828B03E20E7}"
EndProject
Project("{9A19103F-16F7-4668-BE54-9A1E7A4F7556}") = "lecture9", "lecture9\lecture9.csproj", "{837092D1-C196-4A9E-ABE8-899E1B776FEF}"
EndProject
Project("{FAE04EC0-301F-11D3-BF4B-00C04F79EFBC}") = "Lecutre10+Homework1", "Lecutre10+Homework1\Lecutre10+Homework1.csproj", "{D6E5BF6F-1D3A-4D35-811B-D3CF8CBFF872}"
EndProject
Project("{FAE04EC0-301F-11D3-BF4B-00C04F79EFBC}") = "Lecture11+Homework2", "Lecture11+Homework2\Lecture11+Homework2.csproj", "{E6901600-6D10-4CC4-A59B-B89D496CE7E1}"
EndProject
Project("{FAE04EC0-301F-11D3-BF4B-00C04F79EFBC}") = "Lecture12+HomeWork#3", "Lecture12+HomeWork+3\Lecture12+HomeWork#3.csproj", "{18FD9CF4-728E-4F1D-803F-A633FD7D8F52}"
EndProject
Project("{FAE04EC0-301F-11D3-BF4B-00C04F79EFBC}") = "Lecture13+HomeWork#4", "Lecture13+HomeWork#4\Lecture13+HomeWork#4.csproj", "{FAB101F7-98F9-42A8-AAB9-4D90A667924E}"
EndProject
Project("{FAE04EC0-301F-11D3-BF4B-00C04F79EFBC}") = "Lecture17+HomeWork#5", "Lecture17+HomeWork#5\Lecture17+HomeWork#5.csproj", "{FC1805F1-8E3A-4227-BBF6-5616B1CA235F}"
EndProject
Project("{FAE04EC0-301F-11D3-BF4B-00C04F79EFBC}") = "Lecture 19", "Lecture19\Lecture 19.csproj", "{C126856C-4297-4295-8CEF-379F3720B29D}"
EndProject
Project("{2150E333-8FDC-42A3-9474-1A3956D46DE8}") = "Database_AhmedTamari_AF0530", "Database_AhmedTamari_AF0530", "{29BE54CB-AC7A-41AB-AA43-E4C6105F2BAC}"
EndProject
Global
	GlobalSection(SolutionConfigurationPlatforms) = preSolution
		Debug|Any CPU = Debug|Any CPU
		Release|Any CPU = Release|Any CPU
	EndGlobalSection
	GlobalSection(ProjectConfigurationPlatforms) = postSolution
		{6AAF2CCB-E2FD-4D93-A44E-4CF2786B11FC}.Debug|Any CPU.ActiveCfg = Debug|Any CPU
		{6AAF2CCB-E2FD-4D93-A44E-4CF2786B11FC}.Debug|Any CPU.Build.0 = Debug|Any CPU
		{6AAF2CCB-E2FD-4D93-A44E-4CF2786B11FC}.Release|Any CPU.ActiveCfg = Release|Any CPU
		{6AAF2CCB-E2FD-4D93-A44E-4CF2786B11FC}.Release|Any CPU.Build.0 = Release|Any CPU
		{0F9B0CC9-B5F7-4218-8BFE-E828B03E20E7}.Debug|Any CPU.ActiveCfg = Debug|Any CPU
		{0F9B0CC9-B5F7-4218-8BFE-E828B03E20E7}.Debug|Any CPU.Build.0 = Debug|Any CPU
		{0F9B0CC9-B5F7-4218-8BFE-E828B03E20E7}.Release|Any CPU.ActiveCfg = Release|Any CPU
		{0F9B0CC9-B5F7-4218-8BFE-E828B03E20E7}.Release|Any CPU.Build.0 = Release|Any CPU
		{837092D1-C196-4A9E-ABE8-899E1B776FEF}.Debug|Any CPU.ActiveCfg = Debug|Any CPU
		{837092D1-C196-4A9E-ABE8-899E1B776FEF}.Debug|Any CPU.Build.0 = Debug|Any CPU
		{837092D1-C196-4A9E-ABE8-899E1B776FEF}.Release|Any CPU.ActiveCfg = Release|Any CPU
		{837092D1-C196-4A9E-ABE8-899E1B776FEF}.Release|Any CPU.Build.0 = Release|Any CPU
		{D6E5BF6F-1D3A-4D35-811B-D3CF8CBFF872}.Debug|Any CPU.ActiveCfg = Debug|Any CPU
		{D6E5BF6F-1D3A-4D35-811B-D3CF8CBFF872}.Debug|Any CPU.Build.0 = Debug|Any CPU
		{D6E5BF6F-1D3A-4D35-811B-D3CF8CBFF872}.Release|Any CPU.ActiveCfg = Release|Any CPU
		{D6E5BF6F-1D3A-4D35-811B-D3CF8CBFF872}.Release|Any CPU.Build.0 = Release|Any CPU
		{E6901600-6D10-4CC4-A59B-B89D496CE7E1}.Debug|Any CPU.ActiveCfg = Debug|Any CPU
		{E6901600-6D10-4CC4-A59B-B89D496CE7E1}.Debug|Any CPU.Build.0 = Debug|Any CPU
		{E6901600-6D10-4CC4-A59B-B89D496CE7E1}.Release|Any CPU.ActiveCfg = Release|Any CPU
		{E6901600-6D10-4CC4-A59B-B89D496CE7E1}.Release|Any CPU.Build.0 = Release|Any CPU
		{18FD9CF4-728E-4F1D-803F-A633FD7D8F52}.Debug|Any CPU.ActiveCfg = Debug|Any CPU
		{18FD9CF4-728E-4F1D-803F-A633FD7D8F52}.Debug|Any CPU.Build.0 = Debug|Any CPU
		{18FD9CF4-728E-4F1D-803F-A633FD7D8F52}.Release|Any CPU.ActiveCfg = Release|Any CPU
		{18FD9CF4-728E-4F1D-803F-A633FD7D8F52}.Release|Any CPU.Build.0 = Release|Any CPU
		{FAB101F7-98F9-42A8-AAB9-4D90A667924E}.Debug|Any CPU.ActiveCfg = Debug|Any CPU
		{FAB101F7-98F9-42A8-AAB9-4D90A667924E}.Debug|Any CPU.Build.0 = Debug|Any CPU
		{FAB101F7-98F9-42A8-AAB9-4D90A667924E}.Release|Any CPU.ActiveCfg = Release|Any CPU
		{FAB101F7-98F9-42A8-AAB9-4D90A667924E}.Release|Any CPU.Build.0 = Release|Any CPU
		{FC1805F1-8E3A-4227-BBF6-5616B1CA235F}.Debug|Any CPU.ActiveCfg = Debug|Any CPU
		{FC1805F1-8E3A-4227-BBF6-5616B1CA235F}.Debug|Any CPU.Build.0 = Debug|Any CPU
		{FC1805F1-8E3A-4227-BBF6-5616B1CA235F}.Release|Any CPU.ActiveCfg = Release|Any CPU
		{FC1805F1-8E3A-4227-BBF6-5616B1CA235F}.Release|Any CPU.Build.0 = Release|Any CPU
		{C126856C-4297-4295-8CEF-379F3720B29D}.Debug|Any CPU.ActiveCfg = Debug|Any CPU
		{C126856C-4297-4295-8CEF-379F3720B29D}.Debug|Any CPU.Build.0 = Debug|Any CPU
		{C126856C-4297-4295-8CEF-379F3720B29D}.Release|Any CPU.ActiveCfg = Release|Any CPU
		{C126856C-4297-4295-8CEF-379F3720B29D}.Release|Any CPU.Build.0 = Release|Any CPU
	EndGlobalSection
	GlobalSection(SolutionProperties) = preSolution
		HideSolutionNode = FALSE
	EndGlobalSection
	GlobalSection(ExtensibilityGlobals) = postSolution
		SolutionGuid = {33D3321D-FE71-4701-8C27-0C0FD08250AC}
	EndGlobalSection
EndGlobal
